// !$*UTF8*$!
{
	archiveVersion = 1;
	classes = {
	};
	objectVersion = 50;
	objects = {

/* Begin PBXBuildFile section */
		FF8821D226C1A59000CBA486 /* DinsCapstoneApp.swift in Sources */ = {isa = PBXBuildFile; fileRef = FF8821D126C1A59000CBA486 /* DinsCapstoneApp.swift */; };
		FF8821D426C1A59000CBA486 /* LaunchView.swift in Sources */ = {isa = PBXBuildFile; fileRef = FF8821D326C1A59000CBA486 /* LaunchView.swift */; };
		FF8821D626C1A59100CBA486 /* Assets.xcassets in Resources */ = {isa = PBXBuildFile; fileRef = FF8821D526C1A59100CBA486 /* Assets.xcassets */; };
		FF8821D926C1A59100CBA486 /* Preview Assets.xcassets in Resources */ = {isa = PBXBuildFile; fileRef = FF8821D826C1A59100CBA486 /* Preview Assets.xcassets */; };
		FF8821E426C1A7BD00CBA486 /* ContentModel.swift in Sources */ = {isa = PBXBuildFile; fileRef = FF8821E326C1A7BD00CBA486 /* ContentModel.swift */; };
		FF8821E626C1B77800CBA486 /* Business.swift in Sources */ = {isa = PBXBuildFile; fileRef = FF8821E526C1B77800CBA486 /* Business.swift */; };
		FF8821E826C1B9FD00CBA486 /* BusinessSearch.swift in Sources */ = {isa = PBXBuildFile; fileRef = FF8821E726C1B9FD00CBA486 /* BusinessSearch.swift */; };
		FF8821EB26C1BD2700CBA486 /* Constants.swift in Sources */ = {isa = PBXBuildFile; fileRef = FF8821EA26C1BD2700CBA486 /* Constants.swift */; };
		FF8821F026C1C8E200CBA486 /* HomeView.swift in Sources */ = {isa = PBXBuildFile; fileRef = FF8821EF26C1C8E200CBA486 /* HomeView.swift */; };
		FF8821F326C1CE9300CBA486 /* BusinessList.swift in Sources */ = {isa = PBXBuildFile; fileRef = FF8821F226C1CE9300CBA486 /* BusinessList.swift */; };
		FF8821F526C1D31600CBA486 /* BusinessSectionHeader.swift in Sources */ = {isa = PBXBuildFile; fileRef = FF8821F426C1D31600CBA486 /* BusinessSectionHeader.swift */; };
		FF8821F726C1D43B00CBA486 /* BusinessSection.swift in Sources */ = {isa = PBXBuildFile; fileRef = FF8821F626C1D43B00CBA486 /* BusinessSection.swift */; };
		FF8821F926C1DB9100CBA486 /* BusinessRow.swift in Sources */ = {isa = PBXBuildFile; fileRef = FF8821F826C1DB9100CBA486 /* BusinessRow.swift */; };
		FF8821FC26C2047900CBA486 /* BusinessDetail.swift in Sources */ = {isa = PBXBuildFile; fileRef = FF8821FB26C2047900CBA486 /* BusinessDetail.swift */; };
		FF8821FF26C32BE900CBA486 /* BusinessMap.swift in Sources */ = {isa = PBXBuildFile; fileRef = FF8821FE26C32BE900CBA486 /* BusinessMap.swift */; };
/* End PBXBuildFile section */

/* Begin PBXFileReference section */
		FF8821CE26C1A59000CBA486 /* Dins Capstone.app */ = {isa = PBXFileReference; explicitFileType = wrapper.application; includeInIndex = 0; path = "Dins Capstone.app"; sourceTree = BUILT_PRODUCTS_DIR; };
		FF8821D126C1A59000CBA486 /* DinsCapstoneApp.swift */ = {isa = PBXFileReference; lastKnownFileType = sourcecode.swift; path = DinsCapstoneApp.swift; sourceTree = "<group>"; };
		FF8821D326C1A59000CBA486 /* LaunchView.swift */ = {isa = PBXFileReference; lastKnownFileType = sourcecode.swift; path = LaunchView.swift; sourceTree = "<group>"; };
		FF8821D526C1A59100CBA486 /* Assets.xcassets */ = {isa = PBXFileReference; lastKnownFileType = folder.assetcatalog; path = Assets.xcassets; sourceTree = "<group>"; };
		FF8821D826C1A59100CBA486 /* Preview Assets.xcassets */ = {isa = PBXFileReference; lastKnownFileType = folder.assetcatalog; path = "Preview Assets.xcassets"; sourceTree = "<group>"; };
		FF8821DA26C1A59100CBA486 /* Info.plist */ = {isa = PBXFileReference; lastKnownFileType = text.plist.xml; path = Info.plist; sourceTree = "<group>"; };
		FF8821E326C1A7BD00CBA486 /* ContentModel.swift */ = {isa = PBXFileReference; lastKnownFileType = sourcecode.swift; path = ContentModel.swift; sourceTree = "<group>"; };
		FF8821E526C1B77800CBA486 /* Business.swift */ = {isa = PBXFileReference; lastKnownFileType = sourcecode.swift; path = Business.swift; sourceTree = "<group>"; };
		FF8821E726C1B9FD00CBA486 /* BusinessSearch.swift */ = {isa = PBXFileReference; lastKnownFileType = sourcecode.swift; path = BusinessSearch.swift; sourceTree = "<group>"; };
		FF8821EA26C1BD2700CBA486 /* Constants.swift */ = {isa = PBXFileReference; lastKnownFileType = sourcecode.swift; path = Constants.swift; sourceTree = "<group>"; };
		FF8821EF26C1C8E200CBA486 /* HomeView.swift */ = {isa = PBXFileReference; lastKnownFileType = sourcecode.swift; path = HomeView.swift; sourceTree = "<group>"; };
		FF8821F226C1CE9300CBA486 /* BusinessList.swift */ = {isa = PBXFileReference; lastKnownFileType = sourcecode.swift; path = BusinessList.swift; sourceTree = "<group>"; };
		FF8821F426C1D31600CBA486 /* BusinessSectionHeader.swift */ = {isa = PBXFileReference; lastKnownFileType = sourcecode.swift; path = BusinessSectionHeader.swift; sourceTree = "<group>"; };
		FF8821F626C1D43B00CBA486 /* BusinessSection.swift */ = {isa = PBXFileReference; lastKnownFileType = sourcecode.swift; path = BusinessSection.swift; sourceTree = "<group>"; };
		FF8821F826C1DB9100CBA486 /* BusinessRow.swift */ = {isa = PBXFileReference; lastKnownFileType = sourcecode.swift; path = BusinessRow.swift; sourceTree = "<group>"; };
		FF8821FB26C2047900CBA486 /* BusinessDetail.swift */ = {isa = PBXFileReference; lastKnownFileType = sourcecode.swift; path = BusinessDetail.swift; sourceTree = "<group>"; };
		FF8821FE26C32BE900CBA486 /* BusinessMap.swift */ = {isa = PBXFileReference; lastKnownFileType = sourcecode.swift; path = BusinessMap.swift; sourceTree = "<group>"; };
/* End PBXFileReference section */

/* Begin PBXFrameworksBuildPhase section */
		FF8821CB26C1A59000CBA486 /* Frameworks */ = {
			isa = PBXFrameworksBuildPhase;
			buildActionMask = 2147483647;
			files = (
			);
			runOnlyForDeploymentPostprocessing = 0;
		};
/* End PBXFrameworksBuildPhase section */

/* Begin PBXGroup section */
		FF8821C526C1A59000CBA486 = {
			isa = PBXGroup;
			children = (
				FF8821D026C1A59000CBA486 /* Dins Capstone */,
				FF8821CF26C1A59000CBA486 /* Products */,
			);
			sourceTree = "<group>";
		};
		FF8821CF26C1A59000CBA486 /* Products */ = {
			isa = PBXGroup;
			children = (
				FF8821CE26C1A59000CBA486 /* Dins Capstone.app */,
			);
			name = Products;
			sourceTree = "<group>";
		};
		FF8821D026C1A59000CBA486 /* Dins Capstone */ = {
			isa = PBXGroup;
			children = (
				FF8821D126C1A59000CBA486 /* DinsCapstoneApp.swift */,
				FF8821E926C1BD1200CBA486 /* Helpers */,
				FF8821E226C1A5EE00CBA486 /* Views */,
				FF8821E126C1A5E500CBA486 /* Models */,
				FF8821E026C1A5D800CBA486 /* ViewModels */,
				FF8821D526C1A59100CBA486 /* Assets.xcassets */,
				FF8821DA26C1A59100CBA486 /* Info.plist */,
				FF8821D726C1A59100CBA486 /* Preview Content */,
			);
			path = "Dins Capstone";
			sourceTree = "<group>";
		};
		FF8821D726C1A59100CBA486 /* Preview Content */ = {
			isa = PBXGroup;
			children = (
				FF8821D826C1A59100CBA486 /* Preview Assets.xcassets */,
			);
			path = "Preview Content";
			sourceTree = "<group>";
		};
		FF8821E026C1A5D800CBA486 /* ViewModels */ = {
			isa = PBXGroup;
			children = (
				FF8821E326C1A7BD00CBA486 /* ContentModel.swift */,
			);
			path = ViewModels;
			sourceTree = "<group>";
		};
		FF8821E126C1A5E500CBA486 /* Models */ = {
			isa = PBXGroup;
			children = (
				FF8821E526C1B77800CBA486 /* Business.swift */,
				FF8821E726C1B9FD00CBA486 /* BusinessSearch.swift */,
			);
			path = Models;
			sourceTree = "<group>";
		};
		FF8821E226C1A5EE00CBA486 /* Views */ = {
			isa = PBXGroup;
			children = (
				FF8821D326C1A59000CBA486 /* LaunchView.swift */,
				FF8821ED26C1C8CC00CBA486 /* Onboarding */,
				FF8821EC26C1C8C700CBA486 /* Home */,
				FF8821EE26C1C8D200CBA486 /* Denied */,
			);
			path = Views;
			sourceTree = "<group>";
		};
		FF8821E926C1BD1200CBA486 /* Helpers */ = {
			isa = PBXGroup;
			children = (
				FF8821EA26C1BD2700CBA486 /* Constants.swift */,
			);
			path = Helpers;
			sourceTree = "<group>";
		};
		FF8821EC26C1C8C700CBA486 /* Home */ = {
			isa = PBXGroup;
			children = (
				FF8821EF26C1C8E200CBA486 /* HomeView.swift */,
				FF8821FD26C32BCC00CBA486 /* Map */,
				FF8821F126C1CE8300CBA486 /* List */,
			);
			path = Home;
			sourceTree = "<group>";
		};
		FF8821ED26C1C8CC00CBA486 /* Onboarding */ = {
			isa = PBXGroup;
			children = (
			);
			path = Onboarding;
			sourceTree = "<group>";
		};
		FF8821EE26C1C8D200CBA486 /* Denied */ = {
			isa = PBXGroup;
			children = (
			);
			path = Denied;
			sourceTree = "<group>";
		};
		FF8821F126C1CE8300CBA486 /* List */ = {
			isa = PBXGroup;
			children = (
				FF8821FA26C2041900CBA486 /* Detail */,
				FF8821F226C1CE9300CBA486 /* BusinessList.swift */,
				FF8821F426C1D31600CBA486 /* BusinessSectionHeader.swift */,
				FF8821F626C1D43B00CBA486 /* BusinessSection.swift */,
				FF8821F826C1DB9100CBA486 /* BusinessRow.swift */,
			);
			path = List;
			sourceTree = "<group>";
		};
		FF8821FA26C2041900CBA486 /* Detail */ = {
			isa = PBXGroup;
			children = (
				FF8821FB26C2047900CBA486 /* BusinessDetail.swift */,
			);
			path = Detail;
			sourceTree = "<group>";
		};
		FF8821FD26C32BCC00CBA486 /* Map */ = {
			isa = PBXGroup;
			children = (
				FF8821FE26C32BE900CBA486 /* BusinessMap.swift */,
			);
			path = Map;
			sourceTree = "<group>";
		};
/* End PBXGroup section */

/* Begin PBXNativeTarget section */
		FF8821CD26C1A59000CBA486 /* Dins Capstone */ = {
			isa = PBXNativeTarget;
			buildConfigurationList = FF8821DD26C1A59100CBA486 /* Build configuration list for PBXNativeTarget "Dins Capstone" */;
			buildPhases = (
				FF8821CA26C1A59000CBA486 /* Sources */,
				FF8821CB26C1A59000CBA486 /* Frameworks */,
				FF8821CC26C1A59000CBA486 /* Resources */,
			);
			buildRules = (
			);
			dependencies = (
			);
			name = "Dins Capstone";
			productName = "Dins Capstone";
			productReference = FF8821CE26C1A59000CBA486 /* Dins Capstone.app */;
			productType = "com.apple.product-type.application";
		};
/* End PBXNativeTarget section */

/* Begin PBXProject section */
		FF8821C626C1A59000CBA486 /* Project object */ = {
			isa = PBXProject;
			attributes = {
				LastSwiftUpdateCheck = 1250;
				LastUpgradeCheck = 1250;
				TargetAttributes = {
					FF8821CD26C1A59000CBA486 = {
						CreatedOnToolsVersion = 12.5.1;
					};
				};
			};
			buildConfigurationList = FF8821C926C1A59000CBA486 /* Build configuration list for PBXProject "Dins Capstone" */;
			compatibilityVersion = "Xcode 9.3";
			developmentRegion = en;
			hasScannedForEncodings = 0;
			knownRegions = (
				en,
				Base,
			);
			mainGroup = FF8821C526C1A59000CBA486;
			productRefGroup = FF8821CF26C1A59000CBA486 /* Products */;
			projectDirPath = "";
			projectRoot = "";
			targets = (
				FF8821CD26C1A59000CBA486 /* Dins Capstone */,
			);
		};
/* End PBXProject section */

/* Begin PBXResourcesBuildPhase section */
		FF8821CC26C1A59000CBA486 /* Resources */ = {
			isa = PBXResourcesBuildPhase;
			buildActionMask = 2147483647;
			files = (
				FF8821D926C1A59100CBA486 /* Preview Assets.xcassets in Resources */,
				FF8821D626C1A59100CBA486 /* Assets.xcassets in Resources */,
			);
			runOnlyForDeploymentPostprocessing = 0;
		};
/* End PBXResourcesBuildPhase section */

/* Begin PBXSourcesBuildPhase section */
		FF8821CA26C1A59000CBA486 /* Sources */ = {
			isa = PBXSourcesBuildPhase;
			buildActionMask = 2147483647;
			files = (
				FF8821D426C1A59000CBA486 /* LaunchView.swift in Sources */,
				FF8821F926C1DB9100CBA486 /* BusinessRow.swift in Sources */,
				FF8821F026C1C8E200CBA486 /* HomeView.swift in Sources */,
				FF8821E626C1B77800CBA486 /* Business.swift in Sources */,
				FF8821F526C1D31600CBA486 /* BusinessSectionHeader.swift in Sources */,
				FF8821D226C1A59000CBA486 /* DinsCapstoneApp.swift in Sources */,
				FF8821FC26C2047900CBA486 /* BusinessDetail.swift in Sources */,
				FF8821E826C1B9FD00CBA486 /* BusinessSearch.swift in Sources */,
				FF8821F326C1CE9300CBA486 /* BusinessList.swift in Sources */,
				FF8821FF26C32BE900CBA486 /* BusinessMap.swift in Sources */,
				FF8821F726C1D43B00CBA486 /* BusinessSection.swift in Sources */,
				FF8821E426C1A7BD00CBA486 /* ContentModel.swift in Sources */,
				FF8821EB26C1BD2700CBA486 /* Constants.swift in Sources */,
			);
			runOnlyForDeploymentPostprocessing = 0;
		};
/* End PBXSourcesBuildPhase section */

/* Begin XCBuildConfiguration section */
		FF8821DB26C1A59100CBA486 /* Debug */ = {
			isa = XCBuildConfiguration;
			buildSettings = {
				ALWAYS_SEARCH_USER_PATHS = NO;
				CLANG_ANALYZER_NONNULL = YES;
				CLANG_ANALYZER_NUMBER_OBJECT_CONVERSION = YES_AGGRESSIVE;
				CLANG_CXX_LANGUAGE_STANDARD = "gnu++14";
				CLANG_CXX_LIBRARY = "libc++";
				CLANG_ENABLE_MODULES = YES;
				CLANG_ENABLE_OBJC_ARC = YES;
				CLANG_ENABLE_OBJC_WEAK = YES;
				CLANG_WARN_BLOCK_CAPTURE_AUTORELEASING = YES;
				CLANG_WARN_BOOL_CONVERSION = YES;
				CLANG_WARN_COMMA = YES;
				CLANG_WARN_CONSTANT_CONVERSION = YES;
				CLANG_WARN_DEPRECATED_OBJC_IMPLEMENTATIONS = YES;
				CLANG_WARN_DIRECT_OBJC_ISA_USAGE = YES_ERROR;
				CLANG_WARN_DOCUMENTATION_COMMENTS = YES;
				CLANG_WARN_EMPTY_BODY = YES;
				CLANG_WARN_ENUM_CONVERSION = YES;
				CLANG_WARN_INFINITE_RECURSION = YES;
				CLANG_WARN_INT_CONVERSION = YES;
				CLANG_WARN_NON_LITERAL_NULL_CONVERSION = YES;
				CLANG_WARN_OBJC_IMPLICIT_RETAIN_SELF = YES;
				CLANG_WARN_OBJC_LITERAL_CONVERSION = YES;
				CLANG_WARN_OBJC_ROOT_CLASS = YES_ERROR;
				CLANG_WARN_QUOTED_INCLUDE_IN_FRAMEWORK_HEADER = YES;
				CLANG_WARN_RANGE_LOOP_ANALYSIS = YES;
				CLANG_WARN_STRICT_PROTOTYPES = YES;
				CLANG_WARN_SUSPICIOUS_MOVE = YES;
				CLANG_WARN_UNGUARDED_AVAILABILITY = YES_AGGRESSIVE;
				CLANG_WARN_UNREACHABLE_CODE = YES;
				CLANG_WARN__DUPLICATE_METHOD_MATCH = YES;
				COPY_PHASE_STRIP = NO;
				DEBUG_INFORMATION_FORMAT = dwarf;
				ENABLE_STRICT_OBJC_MSGSEND = YES;
				ENABLE_TESTABILITY = YES;
				GCC_C_LANGUAGE_STANDARD = gnu11;
				GCC_DYNAMIC_NO_PIC = NO;
				GCC_NO_COMMON_BLOCKS = YES;
				GCC_OPTIMIZATION_LEVEL = 0;
				GCC_PREPROCESSOR_DEFINITIONS = (
					"DEBUG=1",
					"$(inherited)",
				);
				GCC_WARN_64_TO_32_BIT_CONVERSION = YES;
				GCC_WARN_ABOUT_RETURN_TYPE = YES_ERROR;
				GCC_WARN_UNDECLARED_SELECTOR = YES;
				GCC_WARN_UNINITIALIZED_AUTOS = YES_AGGRESSIVE;
				GCC_WARN_UNUSED_FUNCTION = YES;
				GCC_WARN_UNUSED_VARIABLE = YES;
				IPHONEOS_DEPLOYMENT_TARGET = 14.5;
				MTL_ENABLE_DEBUG_INFO = INCLUDE_SOURCE;
				MTL_FAST_MATH = YES;
				ONLY_ACTIVE_ARCH = YES;
				SDKROOT = iphoneos;
				SWIFT_ACTIVE_COMPILATION_CONDITIONS = DEBUG;
				SWIFT_OPTIMIZATION_LEVEL = "-Onone";
			};
			name = Debug;
		};
		FF8821DC26C1A59100CBA486 /* Release */ = {
			isa = XCBuildConfiguration;
			buildSettings = {
				ALWAYS_SEARCH_USER_PATHS = NO;
				CLANG_ANALYZER_NONNULL = YES;
				CLANG_ANALYZER_NUMBER_OBJECT_CONVERSION = YES_AGGRESSIVE;
				CLANG_CXX_LANGUAGE_STANDARD = "gnu++14";
				CLANG_CXX_LIBRARY = "libc++";
				CLANG_ENABLE_MODULES = YES;
				CLANG_ENABLE_OBJC_ARC = YES;
				CLANG_ENABLE_OBJC_WEAK = YES;
				CLANG_WARN_BLOCK_CAPTURE_AUTORELEASING = YES;
				CLANG_WARN_BOOL_CONVERSION = YES;
				CLANG_WARN_COMMA = YES;
				CLANG_WARN_CONSTANT_CONVERSION = YES;
				CLANG_WARN_DEPRECATED_OBJC_IMPLEMENTATIONS = YES;
				CLANG_WARN_DIRECT_OBJC_ISA_USAGE = YES_ERROR;
				CLANG_WARN_DOCUMENTATION_COMMENTS = YES;
				CLANG_WARN_EMPTY_BODY = YES;
				CLANG_WARN_ENUM_CONVERSION = YES;
				CLANG_WARN_INFINITE_RECURSION = YES;
				CLANG_WARN_INT_CONVERSION = YES;
				CLANG_WARN_NON_LITERAL_NULL_CONVERSION = YES;
				CLANG_WARN_OBJC_IMPLICIT_RETAIN_SELF = YES;
				CLANG_WARN_OBJC_LITERAL_CONVERSION = YES;
				CLANG_WARN_OBJC_ROOT_CLASS = YES_ERROR;
				CLANG_WARN_QUOTED_INCLUDE_IN_FRAMEWORK_HEADER = YES;
				CLANG_WARN_RANGE_LOOP_ANALYSIS = YES;
				CLANG_WARN_STRICT_PROTOTYPES = YES;
				CLANG_WARN_SUSPICIOUS_MOVE = YES;
				CLANG_WARN_UNGUARDED_AVAILABILITY = YES_AGGRESSIVE;
				CLANG_WARN_UNREACHABLE_CODE = YES;
				CLANG_WARN__DUPLICATE_METHOD_MATCH = YES;
				COPY_PHASE_STRIP = NO;
				DEBUG_INFORMATION_FORMAT = "dwarf-with-dsym";
				ENABLE_NS_ASSERTIONS = NO;
				ENABLE_STRICT_OBJC_MSGSEND = YES;
				GCC_C_LANGUAGE_STANDARD = gnu11;
				GCC_NO_COMMON_BLOCKS = YES;
				GCC_WARN_64_TO_32_BIT_CONVERSION = YES;
				GCC_WARN_ABOUT_RETURN_TYPE = YES_ERROR;
				GCC_WARN_UNDECLARED_SELECTOR = YES;
				GCC_WARN_UNINITIALIZED_AUTOS = YES_AGGRESSIVE;
				GCC_WARN_UNUSED_FUNCTION = YES;
				GCC_WARN_UNUSED_VARIABLE = YES;
				IPHONEOS_DEPLOYMENT_TARGET = 14.5;
				MTL_ENABLE_DEBUG_INFO = NO;
				MTL_FAST_MATH = YES;
				SDKROOT = iphoneos;
				SWIFT_COMPILATION_MODE = wholemodule;
				SWIFT_OPTIMIZATION_LEVEL = "-O";
				VALIDATE_PRODUCT = YES;
			};
			name = Release;
		};
		FF8821DE26C1A59100CBA486 /* Debug */ = {
			isa = XCBuildConfiguration;
			buildSettings = {
				ASSETCATALOG_COMPILER_APPICON_NAME = AppIcon;
				ASSETCATALOG_COMPILER_GLOBAL_ACCENT_COLOR_NAME = AccentColor;
				CODE_SIGN_STYLE = Automatic;
				DEVELOPMENT_ASSET_PATHS = "\"Dins Capstone/Preview Content\"";
				DEVELOPMENT_TEAM = SKR4YT8G3F;
				ENABLE_PREVIEWS = YES;
				INFOPLIST_FILE = "Dins Capstone/Info.plist";
				IPHONEOS_DEPLOYMENT_TARGET = 14.0;
				LD_RUNPATH_SEARCH_PATHS = (
					"$(inherited)",
					"@executable_path/Frameworks",
				);
				PRODUCT_BUNDLE_IDENTIFIER = "com.mnguyen.Dins-Capstone";
				PRODUCT_NAME = "$(TARGET_NAME)";
				SWIFT_VERSION = 5.0;
				TARGETED_DEVICE_FAMILY = "1,2";
			};
			name = Debug;
		};
		FF8821DF26C1A59100CBA486 /* Release */ = {
			isa = XCBuildConfiguration;
			buildSettings = {
				ASSETCATALOG_COMPILER_APPICON_NAME = AppIcon;
				ASSETCATALOG_COMPILER_GLOBAL_ACCENT_COLOR_NAME = AccentColor;
				CODE_SIGN_STYLE = Automatic;
				DEVELOPMENT_ASSET_PATHS = "\"Dins Capstone/Preview Content\"";
				DEVELOPMENT_TEAM = SKR4YT8G3F;
				ENABLE_PREVIEWS = YES;
				INFOPLIST_FILE = "Dins Capstone/Info.plist";
				IPHONEOS_DEPLOYMENT_TARGET = 14.0;
				LD_RUNPATH_SEARCH_PATHS = (
					"$(inherited)",
					"@executable_path/Frameworks",
				);
				PRODUCT_BUNDLE_IDENTIFIER = "com.mnguyen.Dins-Capstone";
				PRODUCT_NAME = "$(TARGET_NAME)";
				SWIFT_VERSION = 5.0;
				TARGETED_DEVICE_FAMILY = "1,2";
			};
			name = Release;
		};
/* End XCBuildConfiguration section */

/* Begin XCConfigurationList section */
		FF8821C926C1A59000CBA486 /* Build configuration list for PBXProject "Dins Capstone" */ = {
			isa = XCConfigurationList;
			buildConfigurations = (
				FF8821DB26C1A59100CBA486 /* Debug */,
				FF8821DC26C1A59100CBA486 /* Release */,
			);
			defaultConfigurationIsVisible = 0;
			defaultConfigurationName = Release;
		};
		FF8821DD26C1A59100CBA486 /* Build configuration list for PBXNativeTarget "Dins Capstone" */ = {
			isa = XCConfigurationList;
			buildConfigurations = (
				FF8821DE26C1A59100CBA486 /* Debug */,
				FF8821DF26C1A59100CBA486 /* Release */,
			);
			defaultConfigurationIsVisible = 0;
			defaultConfigurationName = Release;
		};
/* End XCConfigurationList section */
	};
	rootObject = FF8821C626C1A59000CBA486 /* Project object */;
}
